{
    "_meta": {
        "hash": {
            "sha256": "0070f71ce5e15e2f8941fe7a4576ce74dca744c19656c9f805e53bd20de5952e"
        },
        "pipfile-spec": 6,
        "requires": {
            "python_version": "3.6"
        },
        "sources": [
            {
                "name": "pypi",
                "url": "https://pypi.org/simple",
                "verify_ssl": true
            }
        ]
    },
    "default": {
        "create-subject": {
            "hashes": [
                "sha256:7f4eb68dcde8aeeee3daa33c3787ab6baf4ba7885071e260b8041fdff797f0f8",
                "sha256:dee7c0a3c2eccbf4869be54fcf2e08d651a4f08d55fa0ae3c1dcc8b351ec1b10"
            ],
            "index": "pypi",
            "version": "==0.0.4"
        },
        "redis": {
            "hashes": [
                "sha256:8a1900a9f2a0a44ecf6e8b5eb3e967a9909dfed219ad66df094f27f7d6f330fb",
                "sha256:a22ca993cea2962dbb588f9f30d0015ac4afcc45bee27d3978c0dbe9e97c6c0f"
            ],
            "index": "pypi",
            "version": "==2.10.6"
        },
        "rx": {
            "hashes": [
                "sha256:13a1d8d9e252625c173dc795471e614eadfe1cf40ffc684e08b8fff0d9748c23",
                "sha256:7357592bc7e881a95e0c2013b73326f704953301ab551fbc8133a6fadab84105"
            ],
            "index": "pypi",
            "version": "==1.6.1"
        }
    },
    "develop": {}
}
